
Microsoft Visual Studio Solution File, Format Version 12.00
# Visual Studio Version 17
VisualStudioVersion = 17.4.33213.308
MinimumVisualStudioVersion = 10.0.40219.1
Project("{FAE04EC0-301F-11D3-BF4B-00C04F79EFBC}") = "RevitAPITrainingSelection321", "RevitAPITrainingSelection321\RevitAPITrainingSelection321.csproj", "{3E643A31-6791-4581-8479-36B7FB840BE5}"
EndProject
Global
	GlobalSection(SolutionConfigurationPlatforms) = preSolution
		Debug|Any CPU = Debug|Any CPU
		Release|Any CPU = Release|Any CPU
	EndGlobalSection
	GlobalSection(ProjectConfigurationPlatforms) = postSolution
		{3E643A31-6791-4581-8479-36B7FB840BE5}.Debug|Any CPU.ActiveCfg = Debug|Any CPU
		{3E643A31-6791-4581-8479-36B7FB840BE5}.Debug|Any CPU.Build.0 = Debug|Any CPU
		{3E643A31-6791-4581-8479-36B7FB840BE5}.Release|Any CPU.ActiveCfg = Release|Any CPU
		{3E643A31-6791-4581-8479-36B7FB840BE5}.Release|Any CPU.Build.0 = Release|Any CPU
	EndGlobalSection
	GlobalSection(SolutionProperties) = preSolution
		HideSolutionNode = FALSE
	EndGlobalSection
	GlobalSection(ExtensibilityGlobals) = postSolution
		SolutionGuid = {84F1259A-87B2-4239-B366-DE44F61BFDBF}
	EndGlobalSection
EndGlobal
